
Microsoft Visual Studio Solution File, Format Version 12.00
# Visual Studio 15
VisualStudioVersion = 15.0.27703.2035
MinimumVisualStudioVersion = 10.0.40219.1
Project("{FAE04EC0-301F-11D3-BF4B-00C04F79EFBC}") = "BattleShipGame", "BattleShipGame\BattleShipGame.csproj", "{4E63540D-7AD9-4B43-8D10-0F8B9FCF95EB}"
EndProject
Global
	GlobalSection(SolutionConfigurationPlatforms) = preSolution
		Debug|Any CPU = Debug|Any CPU
		Release|Any CPU = Release|Any CPU
	EndGlobalSection
	GlobalSection(ProjectConfigurationPlatforms) = postSolution
		{4E63540D-7AD9-4B43-8D10-0F8B9FCF95EB}.Debug|Any CPU.ActiveCfg = Debug|Any CPU
		{4E63540D-7AD9-4B43-8D10-0F8B9FCF95EB}.Debug|Any CPU.Build.0 = Debug|Any CPU
		{4E63540D-7AD9-4B43-8D10-0F8B9FCF95EB}.Release|Any CPU.ActiveCfg = Release|Any CPU
		{4E63540D-7AD9-4B43-8D10-0F8B9FCF95EB}.Release|Any CPU.Build.0 = Release|Any CPU
	EndGlobalSection
	GlobalSection(SolutionProperties) = preSolution
		HideSolutionNode = FALSE
	EndGlobalSection
	GlobalSection(ExtensibilityGlobals) = postSolution
		SolutionGuid = {0A1855AD-D44A-4129-9812-8F3146015706}
	EndGlobalSection
EndGlobal
