
Microsoft Visual Studio Solution File, Format Version 12.00
# Visual Studio 15
VisualStudioVersion = 15.0.27703.2035
MinimumVisualStudioVersion = 10.0.40219.1
Project("{FAE04EC0-301F-11D3-BF4B-00C04F79EFBC}") = "Calculator Console", "Calculator Console\Calculator Console.csproj", "{E710A615-F19E-4D09-9213-DBD64EF609EF}"
EndProject
Global
	GlobalSection(SolutionConfigurationPlatforms) = preSolution
		Debug|Any CPU = Debug|Any CPU
		Release|Any CPU = Release|Any CPU
	EndGlobalSection
	GlobalSection(ProjectConfigurationPlatforms) = postSolution
		{E710A615-F19E-4D09-9213-DBD64EF609EF}.Debug|Any CPU.ActiveCfg = Debug|Any CPU
		{E710A615-F19E-4D09-9213-DBD64EF609EF}.Debug|Any CPU.Build.0 = Debug|Any CPU
		{E710A615-F19E-4D09-9213-DBD64EF609EF}.Release|Any CPU.ActiveCfg = Release|Any CPU
		{E710A615-F19E-4D09-9213-DBD64EF609EF}.Release|Any CPU.Build.0 = Release|Any CPU
	EndGlobalSection
	GlobalSection(SolutionProperties) = preSolution
		HideSolutionNode = FALSE
	EndGlobalSection
	GlobalSection(ExtensibilityGlobals) = postSolution
		SolutionGuid = {D11D304C-055B-4D80-9E28-461622DAE58E}
	EndGlobalSection
EndGlobal
